Microsoft Visual Studio Solution File, Format Version 12.00
# Visual Studio Version 17
VisualStudioVersion = 17.5.2.0
MinimumVisualStudioVersion = 10.0.40219.1
Project("{FAE04EC0-301F-11D3-BF4B-00C04F79EFBC}") = "Lab1", "Lab1\Lab1.csproj", "{4C38379F-6B46-EF58-4F1F-EC66EF1F7497}"
EndProject
Project("{FAE04EC0-301F-11D3-BF4B-00C04F79EFBC}") = "Lab2", "Lab2\Lab2.csproj", "{FF4201B0-1D3E-449F-B235-4134ABC48D0D}"
EndProject
Project("{FAE04EC0-301F-11D3-BF4B-00C04F79EFBC}") = "Lab3", "Lab3\Lab3.csproj", "{10E22E6B-5DEF-4637-B216-77EDEC52D003}"
EndProject
Project("{FAE04EC0-301F-11D3-BF4B-00C04F79EFBC}") = "Lab4", "Lab4\Lab4.csproj", "{5E312D2B-A8C5-454C-B451-141A350682C5}"
EndProject
Project("{FAE04EC0-301F-11D3-BF4B-00C04F79EFBC}") = "Lab5", "Lab5\Lab5.csproj", "{7CD05AC9-3FCD-42EF-947D-996723FC4BC2}"
EndProject
Project("{FAE04EC0-301F-11D3-BF4B-00C04F79EFBC}") = "Lab6", "Lab6\Lab6.csproj", "{C5227555-BD09-4EE4-ABA1-3755CD3BDF92}"
EndProject
Global
	GlobalSection(SolutionConfigurationPlatforms) = preSolution
		Debug|Any CPU = Debug|Any CPU
		Release|Any CPU = Release|Any CPU
	EndGlobalSection
	GlobalSection(ProjectConfigurationPlatforms) = postSolution
		{4C38379F-6B46-EF58-4F1F-EC66EF1F7497}.Debug|Any CPU.ActiveCfg = Debug|Any CPU
		{4C38379F-6B46-EF58-4F1F-EC66EF1F7497}.Debug|Any CPU.Build.0 = Debug|Any CPU
		{4C38379F-6B46-EF58-4F1F-EC66EF1F7497}.Release|Any CPU.ActiveCfg = Release|Any CPU
		{4C38379F-6B46-EF58-4F1F-EC66EF1F7497}.Release|Any CPU.Build.0 = Release|Any CPU
		{FF4201B0-1D3E-449F-B235-4134ABC48D0D}.Debug|Any CPU.ActiveCfg = Debug|Any CPU
		{FF4201B0-1D3E-449F-B235-4134ABC48D0D}.Debug|Any CPU.Build.0 = Debug|Any CPU
		{FF4201B0-1D3E-449F-B235-4134ABC48D0D}.Release|Any CPU.ActiveCfg = Release|Any CPU
		{FF4201B0-1D3E-449F-B235-4134ABC48D0D}.Release|Any CPU.Build.0 = Release|Any CPU
		{10E22E6B-5DEF-4637-B216-77EDEC52D003}.Debug|Any CPU.ActiveCfg = Debug|Any CPU
		{10E22E6B-5DEF-4637-B216-77EDEC52D003}.Debug|Any CPU.Build.0 = Debug|Any CPU
		{10E22E6B-5DEF-4637-B216-77EDEC52D003}.Release|Any CPU.ActiveCfg = Release|Any CPU
		{10E22E6B-5DEF-4637-B216-77EDEC52D003}.Release|Any CPU.Build.0 = Release|Any CPU
		{5E312D2B-A8C5-454C-B451-141A350682C5}.Debug|Any CPU.ActiveCfg = Debug|Any CPU
		{5E312D2B-A8C5-454C-B451-141A350682C5}.Debug|Any CPU.Build.0 = Debug|Any CPU
		{5E312D2B-A8C5-454C-B451-141A350682C5}.Release|Any CPU.ActiveCfg = Release|Any CPU
		{5E312D2B-A8C5-454C-B451-141A350682C5}.Release|Any CPU.Build.0 = Release|Any CPU
		{7CD05AC9-3FCD-42EF-947D-996723FC4BC2}.Debug|Any CPU.ActiveCfg = Debug|Any CPU
		{7CD05AC9-3FCD-42EF-947D-996723FC4BC2}.Debug|Any CPU.Build.0 = Debug|Any CPU
		{7CD05AC9-3FCD-42EF-947D-996723FC4BC2}.Release|Any CPU.ActiveCfg = Release|Any CPU
		{7CD05AC9-3FCD-42EF-947D-996723FC4BC2}.Release|Any CPU.Build.0 = Release|Any CPU
		{C5227555-BD09-4EE4-ABA1-3755CD3BDF92}.Debug|Any CPU.ActiveCfg = Debug|Any CPU
		{C5227555-BD09-4EE4-ABA1-3755CD3BDF92}.Debug|Any CPU.Build.0 = Debug|Any CPU
		{C5227555-BD09-4EE4-ABA1-3755CD3BDF92}.Release|Any CPU.ActiveCfg = Release|Any CPU
		{C5227555-BD09-4EE4-ABA1-3755CD3BDF92}.Release|Any CPU.Build.0 = Release|Any CPU
	EndGlobalSection
	GlobalSection(SolutionProperties) = preSolution
		HideSolutionNode = FALSE
	EndGlobalSection
	GlobalSection(ExtensibilityGlobals) = postSolution
		SolutionGuid = {D9C7C5F7-D50E-44AB-9EB5-39F7279A79D8}
	EndGlobalSection
EndGlobal
